
Microsoft Visual Studio Solution File, Format Version 12.00
# Visual Studio Version 16
VisualStudioVersion = 25.0.1700.6
MinimumVisualStudioVersion = 10.0.40219.1
Project("{FAE04EC0-301F-11D3-BF4B-00C04F79EFBC}") = "WhoYou2", "WhoYou2\WhoYou2.csproj", "{272B2CD5-629F-45D2-B8EA-B6B2B797A977}"
EndProject
Global
	GlobalSection(SolutionConfigurationPlatforms) = preSolution
		Debug|Any CPU = Debug|Any CPU
		Release|Any CPU = Release|Any CPU
	EndGlobalSection
	GlobalSection(ProjectConfigurationPlatforms) = postSolution
		{272B2CD5-629F-45D2-B8EA-B6B2B797A977}.Debug|Any CPU.ActiveCfg = Debug|Any CPU
		{272B2CD5-629F-45D2-B8EA-B6B2B797A977}.Debug|Any CPU.Build.0 = Debug|Any CPU
		{272B2CD5-629F-45D2-B8EA-B6B2B797A977}.Release|Any CPU.ActiveCfg = Release|Any CPU
		{272B2CD5-629F-45D2-B8EA-B6B2B797A977}.Release|Any CPU.Build.0 = Release|Any CPU
	EndGlobalSection
	GlobalSection(SolutionProperties) = preSolution
		HideSolutionNode = FALSE
	EndGlobalSection
	GlobalSection(ExtensibilityGlobals) = postSolution
		SolutionGuid = {F274C802-D818-48B8-9E0B-A55613D30FE7}
	EndGlobalSection
EndGlobal
